
Microsoft Visual Studio Solution File, Format Version 12.00
# Visual Studio 15
VisualStudioVersion = 15.0.28010.2026
MinimumVisualStudioVersion = 10.0.40219.1
Project("{FAE04EC0-301F-11D3-BF4B-00C04F79EFBC}") = "Plotter", "Plotter\Plotter.csproj", "{01AF42AA-EF2F-4838-B417-65EAB25F47E5}"
EndProject
Global
	GlobalSection(SolutionConfigurationPlatforms) = preSolution
		Debug|Any CPU = Debug|Any CPU
		Release|Any CPU = Release|Any CPU
	EndGlobalSection
	GlobalSection(ProjectConfigurationPlatforms) = postSolution
		{01AF42AA-EF2F-4838-B417-65EAB25F47E5}.Debug|Any CPU.ActiveCfg = Debug|Any CPU
		{01AF42AA-EF2F-4838-B417-65EAB25F47E5}.Debug|Any CPU.Build.0 = Debug|Any CPU
		{01AF42AA-EF2F-4838-B417-65EAB25F47E5}.Release|Any CPU.ActiveCfg = Release|Any CPU
		{01AF42AA-EF2F-4838-B417-65EAB25F47E5}.Release|Any CPU.Build.0 = Release|Any CPU
	EndGlobalSection
	GlobalSection(SolutionProperties) = preSolution
		HideSolutionNode = FALSE
	EndGlobalSection
	GlobalSection(ExtensibilityGlobals) = postSolution
		SolutionGuid = {1DD5B4AA-258E-4162-B323-BD40645CA482}
	EndGlobalSection
EndGlobal
